{
  "lockfile_version": "1",
  "packages": {
    "php@8.3": {
      "last_modified": "2025-04-12T15:53:49Z",
      "plugin_version": "0.0.3",
      "resolved": "github:NixOS/nixpkgs/52d0eded529af34e91df6b2a2bc32eb636637cd2#php83",
      "source": "devbox-search",
      "version": "8.3.20",
      "systems": {
        "aarch64-darwin": {
          "outputs": [
            {
              "name": "out",
              "path": "/nix/store/yma3c8yqg701s023wil3a9kcxslkf8py-php-with-extensions-8.3.20",
              "default": true
            }
          ],
          "store_path": "/nix/store/yma3c8yqg701s023wil3a9kcxslkf8py-php-with-extensions-8.3.20"
        },
        "aarch64-linux": {
          "outputs": [
            {
              "name": "out",
              "path": "/nix/store/5rkfw35fk3kgwalzpzm1ypb4zdfb9izz-php-with-extensions-8.3.20",
              "default": true
            }
          ],
          "store_path": "/nix/store/5rkfw35fk3kgwalzpzm1ypb4zdfb9izz-php-with-extensions-8.3.20"
        },
        "x86_64-darwin": {
          "outputs": [
            {
              "name": "out",
              "path": "/nix/store/5ayf5mw0v7a3c43y11l4qb1q66vw4db2-php-with-extensions-8.3.20",
              "default": true
            }
          ],
          "store_path": "/nix/store/5ayf5mw0v7a3c43y11l4qb1q66vw4db2-php-with-extensions-8.3.20"
        },
        "x86_64-linux": {
          "outputs": [
            {
              "name": "out",
              "path": "/nix/store/4d8m7d1cd3a6br1j3d8whgv56dswjg53-php-with-extensions-8.3.20",
              "default": true
            }
          ],
          "store_path": "/nix/store/4d8m7d1cd3a6br1j3d8whgv56dswjg53-php-with-extensions-8.3.20"
        }
      }
    }
  }
}
